
Microsoft Visual Studio Solution File, Format Version 12.00
# Visual Studio Version 16
VisualStudioVersion = 16.0.29806.167
MinimumVisualStudioVersion = 10.0.40219.1
Project("{FAE04EC0-301F-11D3-BF4B-00C04F79EFBC}") = "igneous.blastx", "igneous.blastx\igneous.blastx.csproj", "{5EDBE7B8-2E9D-425F-865B-F14D9F78B83D}"
EndProject
Project("{FAE04EC0-301F-11D3-BF4B-00C04F79EFBC}") = "igneous.blastx.tests", "igneous.blastx.tests\igneous.blastx.tests.csproj", "{4BDC9B88-6417-4991-A11B-73CFF1A90601}"
EndProject
Global
	GlobalSection(SolutionConfigurationPlatforms) = preSolution
		Debug|Any CPU = Debug|Any CPU
		Release|Any CPU = Release|Any CPU
	EndGlobalSection
	GlobalSection(ProjectConfigurationPlatforms) = postSolution
		{5EDBE7B8-2E9D-425F-865B-F14D9F78B83D}.Debug|Any CPU.ActiveCfg = Debug|Any CPU
		{5EDBE7B8-2E9D-425F-865B-F14D9F78B83D}.Debug|Any CPU.Build.0 = Debug|Any CPU
		{5EDBE7B8-2E9D-425F-865B-F14D9F78B83D}.Release|Any CPU.ActiveCfg = Release|Any CPU
		{5EDBE7B8-2E9D-425F-865B-F14D9F78B83D}.Release|Any CPU.Build.0 = Release|Any CPU
		{4BDC9B88-6417-4991-A11B-73CFF1A90601}.Debug|Any CPU.ActiveCfg = Debug|Any CPU
		{4BDC9B88-6417-4991-A11B-73CFF1A90601}.Debug|Any CPU.Build.0 = Debug|Any CPU
		{4BDC9B88-6417-4991-A11B-73CFF1A90601}.Release|Any CPU.ActiveCfg = Release|Any CPU
		{4BDC9B88-6417-4991-A11B-73CFF1A90601}.Release|Any CPU.Build.0 = Release|Any CPU
	EndGlobalSection
	GlobalSection(SolutionProperties) = preSolution
		HideSolutionNode = FALSE
	EndGlobalSection
	GlobalSection(ExtensibilityGlobals) = postSolution
		SolutionGuid = {B6A3E7C3-FCBE-49A1-B94C-2DC94644EDEA}
	EndGlobalSection
EndGlobal
